{
  "requires": true,
  "lockfileVersion": 1,
  "dependencies": {
    "@ant-design/colors": {
      "version": "3.2.2",
      "resolved": "https://registry.npmjs.org/@ant-design/colors/-/colors-3.2.2.tgz",
      "integrity": "sha512-YKgNbG2dlzqMhA9NtI3/pbY16m3Yl/EeWBRa+lB1X1YaYxHrxNexiQYCLTWO/uDvAjLFMEDU+zR901waBtMtjQ==",
      "requires": {
        "tinycolor2": "^1.4.1"
      }
    },
    "@ant-design/css-animation": {
      "version": "1.7.2",
      "resolved": "https://registry.npmjs.org/@ant-design/css-animation/-/css-animation-1.7.2.tgz",
      "integrity": "sha512-bvVOe7A+r7lws58B7r+fgnQDK90cV45AXuvGx6i5CCSX1W/M3AJnHsNggDANBxEtWdNdFWcDd5LorB+RdSIlBw=="
    },
    "tinycolor2": {
      "version": "1.4.1",
      "resolved": "https://registry.npmjs.org/tinycolor2/-/tinycolor2-1.4.1.tgz",
      "integrity": "sha1-9PrTM0R7wLB9TcjpIJ2POaisd+g="
    }
  }
}
